
Microsoft Visual Studio Solution File, Format Version 12.00
# Visual Studio 15
VisualStudioVersion = 15.0.27703.2018
MinimumVisualStudioVersion = 10.0.40219.1
Project("{FAE04EC0-301F-11D3-BF4B-00C04F79EFBC}") = "Bot App", "Bot App\Bot App.csproj", "{AE157434-01ED-467F-9976-AE82263AE680}"
EndProject
Global
	GlobalSection(SolutionConfigurationPlatforms) = preSolution
		Debug|Any CPU = Debug|Any CPU
		Release|Any CPU = Release|Any CPU
	EndGlobalSection
	GlobalSection(ProjectConfigurationPlatforms) = postSolution
		{AE157434-01ED-467F-9976-AE82263AE680}.Debug|Any CPU.ActiveCfg = Debug|Any CPU
		{AE157434-01ED-467F-9976-AE82263AE680}.Debug|Any CPU.Build.0 = Debug|Any CPU
		{AE157434-01ED-467F-9976-AE82263AE680}.Release|Any CPU.ActiveCfg = Release|Any CPU
		{AE157434-01ED-467F-9976-AE82263AE680}.Release|Any CPU.Build.0 = Release|Any CPU
	EndGlobalSection
	GlobalSection(SolutionProperties) = preSolution
		HideSolutionNode = FALSE
	EndGlobalSection
	GlobalSection(ExtensibilityGlobals) = postSolution
		SolutionGuid = {4364CBC9-A3B4-4520-A736-5ADB5CD45A9E}
	EndGlobalSection
EndGlobal
